{
  "name": "reactor",
  "lockfileVersion": 3,
  "requires": true,
  "packages": {
    "": {
      "devDependencies": {
        "lefthook": "^1.13.4"
      }
    },
    "node_modules/lefthook": {
      "version": "1.13.4",
      "resolved": "https://registry.npmjs.org/lefthook/-/lefthook-1.13.4.tgz",
      "integrity": "sha512-4EJfkcNlZW69ISxyEuBzkyivER/XIVCJcGYTemVBf5DWlBwK97hSrbgDH8O5JuHiCR5lW83hDa1T5TW/dRfnGg==",
      "dev": true,
      "hasInstallScript": true,
      "license": "MIT",
      "bin": {
        "lefthook": "bin/index.js"
      },
      "optionalDependencies": {
        "lefthook-darwin-arm64": "1.13.4",
        "lefthook-darwin-x64": "1.13.4",
        "lefthook-freebsd-arm64": "1.13.4",
        "lefthook-freebsd-x64": "1.13.4",
        "lefthook-linux-arm64": "1.13.4",
        "lefthook-linux-x64": "1.13.4",
        "lefthook-openbsd-arm64": "1.13.4",
        "lefthook-openbsd-x64": "1.13.4",
        "lefthook-windows-arm64": "1.13.4",
        "lefthook-windows-x64": "1.13.4"
      }
    },
    "node_modules/lefthook-darwin-arm64": {
      "version": "1.13.4",
      "resolved": "https://registry.npmjs.org/lefthook-darwin-arm64/-/lefthook-darwin-arm64-1.13.4.tgz",
      "integrity": "sha512-A/t0OYW9NCEqJ+j3volPvetfgErveioYxTG0tzgmJoMOR4joFN0vkjahKQpKPIMQ1HSqFQtiRefXL3M97rCD1A==",
      "cpu": [
        "arm64"
      ],
      "dev": true,
      "license": "MIT",
      "optional": true,
      "os": [
        "darwin"
      ]
    },
    "node_modules/lefthook-darwin-x64": {
      "version": "1.13.4",
      "resolved": "https://registry.npmjs.org/lefthook-darwin-x64/-/lefthook-darwin-x64-1.13.4.tgz",
      "integrity": "sha512-pBCy4pm8HEjsDSPNYv4Y4p94ZJYC7Q3KOMkYVH6no7e7ide2adetRq5eylNM7OyKF6fDA3VMv8ywINxHVKu3tg==",
      "cpu": [
        "x64"
      ],
      "dev": true,
      "license": "MIT",
      "optional": true,
      "os": [
        "darwin"
      ]
    },
    "node_modules/lefthook-freebsd-arm64": {
      "version": "1.13.4",
      "resolved": "https://registry.npmjs.org/lefthook-freebsd-arm64/-/lefthook-freebsd-arm64-1.13.4.tgz",
      "integrity": "sha512-km8VRaIhORrebspVVwP+j01rYv2Wl8gDpEPcz42az9tfcp1o2d87Hi3zZ3DNSucSq+e7bMul1WNFYnk9xRy0jw==",
      "cpu": [
        "arm64"
      ],
      "dev": true,
      "license": "MIT",
      "optional": true,
      "os": [
        "freebsd"
      ]
    },
    "node_modules/lefthook-freebsd-x64": {
      "version": "1.13.4",
      "resolved": "https://registry.npmjs.org/lefthook-freebsd-x64/-/lefthook-freebsd-x64-1.13.4.tgz",
      "integrity": "sha512-eWiFL4uFSg1XhLnbSo8dNF8K5yJ1Al3HauV1XbDfa8rUoonJfGWxOz6z22qzKj8mVkwl7Tk1hhjnAyNtXZNG8g==",
      "cpu": [
        "x64"
      ],
      "dev": true,
      "license": "MIT",
      "optional": true,
      "os": [
        "freebsd"
      ]
    },
    "node_modules/lefthook-linux-arm64": {
      "version": "1.13.4",
      "resolved": "https://registry.npmjs.org/lefthook-linux-arm64/-/lefthook-linux-arm64-1.13.4.tgz",
      "integrity": "sha512-0aHeK1WoRPHwvgbEXdo1Q25MMCWNeY5wouhcShHpxhmrVBX1c0rYkWC9mQgR+632eUKkA/48+1J69x3mvtMZRg==",
      "cpu": [
        "arm64"
      ],
      "dev": true,
      "license": "MIT",
      "optional": true,
      "os": [
        "linux"
      ]
    },
    "node_modules/lefthook-linux-x64": {
      "version": "1.13.4",
      "resolved": "https://registry.npmjs.org/lefthook-linux-x64/-/lefthook-linux-x64-1.13.4.tgz",
      "integrity": "sha512-f0rM3o5b7HNX+eKnCZzOPPWV+uPwOgfZEIKd1MqfkxxreQ+kloAcuUcNt6huwrs8foR7+45eC31T5plII3aTnw==",
      "cpu": [
        "x64"
      ],
      "dev": true,
      "license": "MIT",
      "optional": true,
      "os": [
        "linux"
      ]
    },
    "node_modules/lefthook-openbsd-arm64": {
      "version": "1.13.4",
      "resolved": "https://registry.npmjs.org/lefthook-openbsd-arm64/-/lefthook-openbsd-arm64-1.13.4.tgz",
      "integrity": "sha512-ov9rjWPOtphlNG2SOPQAPBSeWVTfB/vbh5AcvPECnVVe9jZTCthhKIyr9wx/UfKKqGxlL4wi7jk7BQ1BEJuC5w==",
      "cpu": [
        "arm64"
      ],
      "dev": true,
      "license": "MIT",
      "optional": true,
      "os": [
        "openbsd"
      ]
    },
    "node_modules/lefthook-openbsd-x64": {
      "version": "1.13.4",
      "resolved": "https://registry.npmjs.org/lefthook-openbsd-x64/-/lefthook-openbsd-x64-1.13.4.tgz",
      "integrity": "sha512-4TVuVG86fJhWGBx8nR+USq00lYHuzLp1PqrW3vDKmTwxlMf3gmquO6PyQ85I5jfr1G2QpKn/cVJCvj3ExMUOxg==",
      "cpu": [
        "x64"
      ],
      "dev": true,
      "license": "MIT",
      "optional": true,
      "os": [
        "openbsd"
      ]
    },
    "node_modules/lefthook-windows-arm64": {
      "version": "1.13.4",
      "resolved": "https://registry.npmjs.org/lefthook-windows-arm64/-/lefthook-windows-arm64-1.13.4.tgz",
      "integrity": "sha512-y46ZgRAgyMy5MQYkZoSBtHYUYj0+54cM0VDT/Lu/jz1GRFAE8JkrRVetk3geqECpnMGxBkSgfhcbGDYeEvJQdw==",
      "cpu": [
        "arm64"
      ],
      "dev": true,
      "license": "MIT",
      "optional": true,
      "os": [
        "win32"
      ]
    },
    "node_modules/lefthook-windows-x64": {
      "version": "1.13.4",
      "resolved": "https://registry.npmjs.org/lefthook-windows-x64/-/lefthook-windows-x64-1.13.4.tgz",
      "integrity": "sha512-p2YfWuj/43gUT0nHJ6j0pTRpLLwX9n2bio60POuXOrr3RVxdv5MEaQchdRhqYG5uWj7Zsm86K9FWkNuxPG81IA==",
      "cpu": [
        "x64"
      ],
      "dev": true,
      "license": "MIT",
      "optional": true,
      "os": [
        "win32"
      ]
    }
  }
}
