{
  "name": "reactor",
  "lockfileVersion": 3,
  "requires": true,
  "packages": {
    "": {
      "devDependencies": {
        "lefthook": "^1.13.0"
      }
    },
    "node_modules/lefthook": {
      "version": "1.13.0",
      "resolved": "https://registry.npmjs.org/lefthook/-/lefthook-1.13.0.tgz",
      "integrity": "sha512-6pno+NjfBrKKt3XQmFUvwDdKXzBVh5JvzAIwcCOu9mqg81nAMCZd2FtTuU1fmDzXFNdsxjW8mwwKB+S8t5ucOQ==",
      "dev": true,
      "hasInstallScript": true,
      "license": "MIT",
      "bin": {
        "lefthook": "bin/index.js"
      },
      "optionalDependencies": {
        "lefthook-darwin-arm64": "1.13.0",
        "lefthook-darwin-x64": "1.13.0",
        "lefthook-freebsd-arm64": "1.13.0",
        "lefthook-freebsd-x64": "1.13.0",
        "lefthook-linux-arm64": "1.13.0",
        "lefthook-linux-x64": "1.13.0",
        "lefthook-openbsd-arm64": "1.13.0",
        "lefthook-openbsd-x64": "1.13.0",
        "lefthook-windows-arm64": "1.13.0",
        "lefthook-windows-x64": "1.13.0"
      }
    },
    "node_modules/lefthook-darwin-arm64": {
      "version": "1.13.0",
      "resolved": "https://registry.npmjs.org/lefthook-darwin-arm64/-/lefthook-darwin-arm64-1.13.0.tgz",
      "integrity": "sha512-mhD4zOj2VRx34tptEc/lP643n5YAAVP95f/TiP6geQz4kpLwUrsTwQxzoXUIauU2DGSNbFtp9hVSE++0e4ESEA==",
      "cpu": [
        "arm64"
      ],
      "dev": true,
      "license": "MIT",
      "optional": true,
      "os": [
        "darwin"
      ]
    },
    "node_modules/lefthook-darwin-x64": {
      "version": "1.13.0",
      "resolved": "https://registry.npmjs.org/lefthook-darwin-x64/-/lefthook-darwin-x64-1.13.0.tgz",
      "integrity": "sha512-uspgWrhh9Xoyb+x0hVeMnYkSA1K/cEov4QHxcBBTIvTvjEuijSLIQEzULsHvg7a6xNM/8E3SBzOwBRK44jM2Mw==",
      "cpu": [
        "x64"
      ],
      "dev": true,
      "license": "MIT",
      "optional": true,
      "os": [
        "darwin"
      ]
    },
    "node_modules/lefthook-freebsd-arm64": {
      "version": "1.13.0",
      "resolved": "https://registry.npmjs.org/lefthook-freebsd-arm64/-/lefthook-freebsd-arm64-1.13.0.tgz",
      "integrity": "sha512-UUY+UlGuwAkO8hEY4+SGYfM1OeXSI4i2/8ROwBpu6fz0LrTL1OUYRVhLIRNJvWrF2XabfgXVUrnjGY7YSq4zpg==",
      "cpu": [
        "arm64"
      ],
      "dev": true,
      "license": "MIT",
      "optional": true,
      "os": [
        "freebsd"
      ]
    },
    "node_modules/lefthook-freebsd-x64": {
      "version": "1.13.0",
      "resolved": "https://registry.npmjs.org/lefthook-freebsd-x64/-/lefthook-freebsd-x64-1.13.0.tgz",
      "integrity": "sha512-wdF/Cwmbiblz+UaLb3a0trSKEmaY5z20latrmhim98M1H48iBHhUyUUJWaSEauyFMJWPwu7rSVZl5KktPxCxVA==",
      "cpu": [
        "x64"
      ],
      "dev": true,
      "license": "MIT",
      "optional": true,
      "os": [
        "freebsd"
      ]
    },
    "node_modules/lefthook-linux-arm64": {
      "version": "1.13.0",
      "resolved": "https://registry.npmjs.org/lefthook-linux-arm64/-/lefthook-linux-arm64-1.13.0.tgz",
      "integrity": "sha512-tpg4pA0JTeLxGAZDFJVOGyIMjQAE7F8HcM31tj+3KOogahspOffpmSoS1SlHzUSZ8Jm+Bvoqcis/sW68HkmWHw==",
      "cpu": [
        "arm64"
      ],
      "dev": true,
      "license": "MIT",
      "optional": true,
      "os": [
        "linux"
      ]
    },
    "node_modules/lefthook-linux-x64": {
      "version": "1.13.0",
      "resolved": "https://registry.npmjs.org/lefthook-linux-x64/-/lefthook-linux-x64-1.13.0.tgz",
      "integrity": "sha512-5JUhlDaYqt9vBTSQ5gkA00+0ktUSRyL60AhZID6OR4ML39SidzMTu/GrgHscPT4sD3TfSODEdGZ28sNKdLg6jA==",
      "cpu": [
        "x64"
      ],
      "dev": true,
      "license": "MIT",
      "optional": true,
      "os": [
        "linux"
      ]
    },
    "node_modules/lefthook-openbsd-arm64": {
      "version": "1.13.0",
      "resolved": "https://registry.npmjs.org/lefthook-openbsd-arm64/-/lefthook-openbsd-arm64-1.13.0.tgz",
      "integrity": "sha512-UNCoKrbH0Yv61jCCUIPRr7ErS3yYt2VNCFdzLf752O9K0yrfn9FzYUsyxQFEn1Ah/kq+TNgZw90gVLg5fv1t4g==",
      "cpu": [
        "arm64"
      ],
      "dev": true,
      "license": "MIT",
      "optional": true,
      "os": [
        "openbsd"
      ]
    },
    "node_modules/lefthook-openbsd-x64": {
      "version": "1.13.0",
      "resolved": "https://registry.npmjs.org/lefthook-openbsd-x64/-/lefthook-openbsd-x64-1.13.0.tgz",
      "integrity": "sha512-iyvE+jgHYnLvOoHsLykgf98lftewsQzEBciYxygna9sLZ9nLvfbwp9mWUk09yMRmPCFGDeeDecERaUa2SICWLA==",
      "cpu": [
        "x64"
      ],
      "dev": true,
      "license": "MIT",
      "optional": true,
      "os": [
        "openbsd"
      ]
    },
    "node_modules/lefthook-windows-arm64": {
      "version": "1.13.0",
      "resolved": "https://registry.npmjs.org/lefthook-windows-arm64/-/lefthook-windows-arm64-1.13.0.tgz",
      "integrity": "sha512-+u0GyvZouKGcecFsayIbzq1KIoDcrSqVhivLfJUq7vpMXbSHV5HbhrkdkfqkuGjGgGnWulQY29/bDubTQoqfOA==",
      "cpu": [
        "arm64"
      ],
      "dev": true,
      "license": "MIT",
      "optional": true,
      "os": [
        "win32"
      ]
    },
    "node_modules/lefthook-windows-x64": {
      "version": "1.13.0",
      "resolved": "https://registry.npmjs.org/lefthook-windows-x64/-/lefthook-windows-x64-1.13.0.tgz",
      "integrity": "sha512-RG8dfOkszk6BaOA7k26NO0R1/vy1tno7/wgdg+Wjt0pYFiBo0DhmPMoAVB4kzjObqBKDd1KWidzsEv4/R0oFIg==",
      "cpu": [
        "x64"
      ],
      "dev": true,
      "license": "MIT",
      "optional": true,
      "os": [
        "win32"
      ]
    }
  }
}
